
Microsoft Visual Studio Solution File, Format Version 12.00
# Visual Studio Version 17
VisualStudioVersion = 17.1.32127.271
MinimumVisualStudioVersion = 10.0.40219.1
Project("{9A19103F-16F7-4668-BE54-9A1E7A4F7556}") = "AzureFormRecognizer.Web", "AzureFormRecognizer.Web\AzureFormRecognizer.Web.csproj", "{2259814F-EC1B-4375-B54B-1E7C94693618}"
EndProject
Project("{9A19103F-16F7-4668-BE54-9A1E7A4F7556}") = "TLPDFGenerator", "TLPDFGenerator\TLPDFGenerator.csproj", "{37265672-1C8E-4DD1-A231-A84E0EDD8B4E}"
EndProject
Project("{FAE04EC0-301F-11D3-BF4B-00C04F79EFBC}") = "Logbook", "Logbook\Logbook.csproj", "{BC6ACF97-6740-4C0B-A766-09E9EA12B7FA}"
EndProject
Project("{2150E333-8FDC-42A3-9474-1A3956D46DE8}") = "Api", "Api", "{07ACE4FC-872C-46F0-BC88-E50B9BEC1FE3}"
EndProject
Project("{9A19103F-16F7-4668-BE54-9A1E7A4F7556}") = "Geocoding.Core", "Geocoding.Core\Geocoding.Core.csproj", "{89926C04-2E39-4D01-9A87-F81EE9C2D13B}"
EndProject
Project("{9A19103F-16F7-4668-BE54-9A1E7A4F7556}") = "Geocoding.Google", "Geocoding.Google\Geocoding.Google.csproj", "{A2CF5E6E-A836-426F-A0EA-D21085BB1AB8}"
EndProject
Global
	GlobalSection(SolutionConfigurationPlatforms) = preSolution
		Debug|Any CPU = Debug|Any CPU
		Release|Any CPU = Release|Any CPU
	EndGlobalSection
	GlobalSection(ProjectConfigurationPlatforms) = postSolution
		{2259814F-EC1B-4375-B54B-1E7C94693618}.Debug|Any CPU.ActiveCfg = Debug|Any CPU
		{2259814F-EC1B-4375-B54B-1E7C94693618}.Debug|Any CPU.Build.0 = Debug|Any CPU
		{2259814F-EC1B-4375-B54B-1E7C94693618}.Release|Any CPU.ActiveCfg = Release|Any CPU
		{2259814F-EC1B-4375-B54B-1E7C94693618}.Release|Any CPU.Build.0 = Release|Any CPU
		{37265672-1C8E-4DD1-A231-A84E0EDD8B4E}.Debug|Any CPU.ActiveCfg = Debug|Any CPU
		{37265672-1C8E-4DD1-A231-A84E0EDD8B4E}.Debug|Any CPU.Build.0 = Debug|Any CPU
		{37265672-1C8E-4DD1-A231-A84E0EDD8B4E}.Release|Any CPU.ActiveCfg = Release|Any CPU
		{37265672-1C8E-4DD1-A231-A84E0EDD8B4E}.Release|Any CPU.Build.0 = Release|Any CPU
		{BC6ACF97-6740-4C0B-A766-09E9EA12B7FA}.Debug|Any CPU.ActiveCfg = Debug|Any CPU
		{BC6ACF97-6740-4C0B-A766-09E9EA12B7FA}.Debug|Any CPU.Build.0 = Debug|Any CPU
		{BC6ACF97-6740-4C0B-A766-09E9EA12B7FA}.Release|Any CPU.ActiveCfg = Release|Any CPU
		{BC6ACF97-6740-4C0B-A766-09E9EA12B7FA}.Release|Any CPU.Build.0 = Release|Any CPU
		{89926C04-2E39-4D01-9A87-F81EE9C2D13B}.Debug|Any CPU.ActiveCfg = Debug|Any CPU
		{89926C04-2E39-4D01-9A87-F81EE9C2D13B}.Debug|Any CPU.Build.0 = Debug|Any CPU
		{89926C04-2E39-4D01-9A87-F81EE9C2D13B}.Release|Any CPU.ActiveCfg = Release|Any CPU
		{89926C04-2E39-4D01-9A87-F81EE9C2D13B}.Release|Any CPU.Build.0 = Release|Any CPU
		{A2CF5E6E-A836-426F-A0EA-D21085BB1AB8}.Debug|Any CPU.ActiveCfg = Debug|Any CPU
		{A2CF5E6E-A836-426F-A0EA-D21085BB1AB8}.Debug|Any CPU.Build.0 = Debug|Any CPU
		{A2CF5E6E-A836-426F-A0EA-D21085BB1AB8}.Release|Any CPU.ActiveCfg = Release|Any CPU
		{A2CF5E6E-A836-426F-A0EA-D21085BB1AB8}.Release|Any CPU.Build.0 = Release|Any CPU
	EndGlobalSection
	GlobalSection(SolutionProperties) = preSolution
		HideSolutionNode = FALSE
	EndGlobalSection
	GlobalSection(NestedProjects) = preSolution
		{89926C04-2E39-4D01-9A87-F81EE9C2D13B} = {07ACE4FC-872C-46F0-BC88-E50B9BEC1FE3}
		{A2CF5E6E-A836-426F-A0EA-D21085BB1AB8} = {07ACE4FC-872C-46F0-BC88-E50B9BEC1FE3}
	EndGlobalSection
	GlobalSection(ExtensibilityGlobals) = postSolution
		SolutionGuid = {31D12530-6207-4C7F-B866-CACC6EE80DE0}
	EndGlobalSection
EndGlobal
